
Microsoft Visual Studio Solution File, Format Version 12.00
# Visual Studio 15
VisualStudioVersion = 15.0.28307.489
MinimumVisualStudioVersion = 10.0.40219.1
Project("{FAE04EC0-301F-11D3-BF4B-00C04F79EFBC}") = "Intech.Ferramentas.Atualizador", "Intech.Ferramentas.Atualizador\Intech.Ferramentas.Atualizador.csproj", "{050A3024-C2EA-486F-82BD-E88A9D71C265}"
EndProject
Global
	GlobalSection(SolutionConfigurationPlatforms) = preSolution
		Debug|Any CPU = Debug|Any CPU
		Release|Any CPU = Release|Any CPU
	EndGlobalSection
	GlobalSection(ProjectConfigurationPlatforms) = postSolution
		{050A3024-C2EA-486F-82BD-E88A9D71C265}.Debug|Any CPU.ActiveCfg = Debug|Any CPU
		{050A3024-C2EA-486F-82BD-E88A9D71C265}.Debug|Any CPU.Build.0 = Debug|Any CPU
		{050A3024-C2EA-486F-82BD-E88A9D71C265}.Release|Any CPU.ActiveCfg = Release|Any CPU
		{050A3024-C2EA-486F-82BD-E88A9D71C265}.Release|Any CPU.Build.0 = Release|Any CPU
	EndGlobalSection
	GlobalSection(SolutionProperties) = preSolution
		HideSolutionNode = FALSE
	EndGlobalSection
	GlobalSection(ExtensibilityGlobals) = postSolution
		SolutionGuid = {0242A0CA-E5DD-41CB-A80D-AB85A94F9284}
	EndGlobalSection
EndGlobal
