
Microsoft Visual Studio Solution File, Format Version 12.00
# Visual Studio Version 16
VisualStudioVersion = 16.0.29503.13
MinimumVisualStudioVersion = 10.0.40219.1
Project("{9A19103F-16F7-4668-BE54-9A1E7A4F7556}") = "Intech.Ferramentas.Dados", "Intech.Ferramentas.Dados\Intech.Ferramentas.Dados.csproj", "{BBA7B10F-2A91-4359-B2B2-43AE5C0C2CE5}"
EndProject
Project("{9A19103F-16F7-4668-BE54-9A1E7A4F7556}") = "Intech.Ferramentas.API", "Intech.Ferramentas.API\Intech.Ferramentas.API.csproj", "{9643B5DD-F58C-485C-A990-523BB7BD8ACE}"
EndProject
Project("{FAE04EC0-301F-11D3-BF4B-00C04F79EFBC}") = "Intech.Ferramentas.Design", "Intech.Ferramentas.Design\Intech.Ferramentas.Design.csproj", "{72830264-8DD3-44D4-BAC0-4EFCC085599B}"
EndProject
Project("{9A19103F-16F7-4668-BE54-9A1E7A4F7556}") = "Intech.Ferramentas", "Intech.Ferramentas\Intech.Ferramentas.csproj", "{7AC3218E-5811-4C32-8A1D-4873FAE05852}"
	ProjectSection(ProjectDependencies) = postProject
		{72830264-8DD3-44D4-BAC0-4EFCC085599B} = {72830264-8DD3-44D4-BAC0-4EFCC085599B}
	EndProjectSection
EndProject
Global
	GlobalSection(SolutionConfigurationPlatforms) = preSolution
		Debug|Any CPU = Debug|Any CPU
		Release|Any CPU = Release|Any CPU
	EndGlobalSection
	GlobalSection(ProjectConfigurationPlatforms) = postSolution
		{BBA7B10F-2A91-4359-B2B2-43AE5C0C2CE5}.Debug|Any CPU.ActiveCfg = Debug|Any CPU
		{BBA7B10F-2A91-4359-B2B2-43AE5C0C2CE5}.Debug|Any CPU.Build.0 = Debug|Any CPU
		{BBA7B10F-2A91-4359-B2B2-43AE5C0C2CE5}.Release|Any CPU.ActiveCfg = Release|Any CPU
		{BBA7B10F-2A91-4359-B2B2-43AE5C0C2CE5}.Release|Any CPU.Build.0 = Release|Any CPU
		{9643B5DD-F58C-485C-A990-523BB7BD8ACE}.Debug|Any CPU.ActiveCfg = Debug|Any CPU
		{9643B5DD-F58C-485C-A990-523BB7BD8ACE}.Debug|Any CPU.Build.0 = Debug|Any CPU
		{9643B5DD-F58C-485C-A990-523BB7BD8ACE}.Release|Any CPU.ActiveCfg = Release|Any CPU
		{9643B5DD-F58C-485C-A990-523BB7BD8ACE}.Release|Any CPU.Build.0 = Release|Any CPU
		{72830264-8DD3-44D4-BAC0-4EFCC085599B}.Debug|Any CPU.ActiveCfg = Debug|Any CPU
		{72830264-8DD3-44D4-BAC0-4EFCC085599B}.Debug|Any CPU.Build.0 = Debug|Any CPU
		{72830264-8DD3-44D4-BAC0-4EFCC085599B}.Release|Any CPU.ActiveCfg = Release|Any CPU
		{72830264-8DD3-44D4-BAC0-4EFCC085599B}.Release|Any CPU.Build.0 = Release|Any CPU
		{7AC3218E-5811-4C32-8A1D-4873FAE05852}.Debug|Any CPU.ActiveCfg = Debug|Any CPU
		{7AC3218E-5811-4C32-8A1D-4873FAE05852}.Debug|Any CPU.Build.0 = Debug|Any CPU
		{7AC3218E-5811-4C32-8A1D-4873FAE05852}.Release|Any CPU.ActiveCfg = Release|Any CPU
		{7AC3218E-5811-4C32-8A1D-4873FAE05852}.Release|Any CPU.Build.0 = Release|Any CPU
	EndGlobalSection
	GlobalSection(SolutionProperties) = preSolution
		HideSolutionNode = FALSE
	EndGlobalSection
	GlobalSection(ExtensibilityGlobals) = postSolution
		SolutionGuid = {189B136F-71B0-47C8-AF59-114EBED56F49}
	EndGlobalSection
EndGlobal
