
Microsoft Visual Studio Solution File, Format Version 12.00
# Visual Studio Version 16
VisualStudioVersion = 16.0.29503.13
MinimumVisualStudioVersion = 10.0.40219.1
Project("{9A19103F-16F7-4668-BE54-9A1E7A4F7556}") = "Intech.Ferramentas.Dados", "Intech.Ferramentas.Dados\Intech.Ferramentas.Dados.csproj", "{BBA7B10F-2A91-4359-B2B2-43AE5C0C2CE5}"
EndProject
Project("{9A19103F-16F7-4668-BE54-9A1E7A4F7556}") = "Intech.Ferramentas.API", "Intech.Ferramentas.API\Intech.Ferramentas.API.csproj", "{9643B5DD-F58C-485C-A990-523BB7BD8ACE}"
EndProject
Project("{9A19103F-16F7-4668-BE54-9A1E7A4F7556}") = "Intech.Ferramentas", "Intech.Ferramentas\Intech.Ferramentas.csproj", "{7AC3218E-5811-4C32-8A1D-4873FAE05852}"
EndProject
Project("{FAE04EC0-301F-11D3-BF4B-00C04F79EFBC}") = "Intech.Lib.TradutorSqlOracle", "..\..\lib\Intech.Lib.TradutorSqlOracle\Intech.Lib.TradutorSqlOracle.csproj", "{3143C793-4C24-48E6-85EF-AC2131FFA514}"
EndProject
Project("{FAE04EC0-301F-11D3-BF4B-00C04F79EFBC}") = "GeradorServices", "GeradorServices\GeradorServices.csproj", "{9073517C-A697-468A-B4B3-569582A5A5E3}"
EndProject
Global
	GlobalSection(SolutionConfigurationPlatforms) = preSolution
		Debug|Any CPU = Debug|Any CPU
		Release|Any CPU = Release|Any CPU
	EndGlobalSection
	GlobalSection(ProjectConfigurationPlatforms) = postSolution
		{BBA7B10F-2A91-4359-B2B2-43AE5C0C2CE5}.Debug|Any CPU.ActiveCfg = Debug|Any CPU
		{BBA7B10F-2A91-4359-B2B2-43AE5C0C2CE5}.Debug|Any CPU.Build.0 = Debug|Any CPU
		{BBA7B10F-2A91-4359-B2B2-43AE5C0C2CE5}.Release|Any CPU.ActiveCfg = Release|Any CPU
		{BBA7B10F-2A91-4359-B2B2-43AE5C0C2CE5}.Release|Any CPU.Build.0 = Release|Any CPU
		{9643B5DD-F58C-485C-A990-523BB7BD8ACE}.Debug|Any CPU.ActiveCfg = Debug|Any CPU
		{9643B5DD-F58C-485C-A990-523BB7BD8ACE}.Debug|Any CPU.Build.0 = Debug|Any CPU
		{9643B5DD-F58C-485C-A990-523BB7BD8ACE}.Release|Any CPU.ActiveCfg = Release|Any CPU
		{9643B5DD-F58C-485C-A990-523BB7BD8ACE}.Release|Any CPU.Build.0 = Release|Any CPU
		{7AC3218E-5811-4C32-8A1D-4873FAE05852}.Debug|Any CPU.ActiveCfg = Debug|Any CPU
		{7AC3218E-5811-4C32-8A1D-4873FAE05852}.Debug|Any CPU.Build.0 = Debug|Any CPU
		{7AC3218E-5811-4C32-8A1D-4873FAE05852}.Release|Any CPU.ActiveCfg = Release|Any CPU
		{7AC3218E-5811-4C32-8A1D-4873FAE05852}.Release|Any CPU.Build.0 = Release|Any CPU
		{3143C793-4C24-48E6-85EF-AC2131FFA514}.Debug|Any CPU.ActiveCfg = Debug|Any CPU
		{3143C793-4C24-48E6-85EF-AC2131FFA514}.Debug|Any CPU.Build.0 = Debug|Any CPU
		{3143C793-4C24-48E6-85EF-AC2131FFA514}.Release|Any CPU.ActiveCfg = Release|Any CPU
		{3143C793-4C24-48E6-85EF-AC2131FFA514}.Release|Any CPU.Build.0 = Release|Any CPU
		{9073517C-A697-468A-B4B3-569582A5A5E3}.Debug|Any CPU.ActiveCfg = Debug|Any CPU
		{9073517C-A697-468A-B4B3-569582A5A5E3}.Debug|Any CPU.Build.0 = Debug|Any CPU
		{9073517C-A697-468A-B4B3-569582A5A5E3}.Release|Any CPU.ActiveCfg = Release|Any CPU
		{9073517C-A697-468A-B4B3-569582A5A5E3}.Release|Any CPU.Build.0 = Release|Any CPU
	EndGlobalSection
	GlobalSection(SolutionProperties) = preSolution
		HideSolutionNode = FALSE
	EndGlobalSection
	GlobalSection(ExtensibilityGlobals) = postSolution
		SolutionGuid = {189B136F-71B0-47C8-AF59-114EBED56F49}
	EndGlobalSection
EndGlobal
