
Microsoft Visual Studio Solution File, Format Version 12.00
# Visual Studio 15
VisualStudioVersion = 15.0.28307.421
MinimumVisualStudioVersion = 10.0.40219.1
Project("{FAE04EC0-301F-11D3-BF4B-00C04F79EFBC}") = "Intech.Ferramentas.ResetarSenhasPW", "Intech.Ferramentas.ResetarSenhasPW\Intech.Ferramentas.ResetarSenhasPW.csproj", "{6DF6163E-B02A-4A37-ABE7-02CCC8EB3AFC}"
EndProject
Global
	GlobalSection(SolutionConfigurationPlatforms) = preSolution
		Debug|Any CPU = Debug|Any CPU
		Release|Any CPU = Release|Any CPU
	EndGlobalSection
	GlobalSection(ProjectConfigurationPlatforms) = postSolution
		{6DF6163E-B02A-4A37-ABE7-02CCC8EB3AFC}.Debug|Any CPU.ActiveCfg = Debug|Any CPU
		{6DF6163E-B02A-4A37-ABE7-02CCC8EB3AFC}.Debug|Any CPU.Build.0 = Debug|Any CPU
		{6DF6163E-B02A-4A37-ABE7-02CCC8EB3AFC}.Release|Any CPU.ActiveCfg = Release|Any CPU
		{6DF6163E-B02A-4A37-ABE7-02CCC8EB3AFC}.Release|Any CPU.Build.0 = Release|Any CPU
	EndGlobalSection
	GlobalSection(SolutionProperties) = preSolution
		HideSolutionNode = FALSE
	EndGlobalSection
	GlobalSection(ExtensibilityGlobals) = postSolution
		SolutionGuid = {36D29549-BFEA-4DC5-88F7-F6D28B83F7D5}
	EndGlobalSection
EndGlobal
